
Microsoft Visual Studio Solution File, Format Version 12.00
# Visual Studio 15
VisualStudioVersion = 15.0.27004.2009
MinimumVisualStudioVersion = 10.0.40219.1
Project("{FAE04EC0-301F-11D3-BF4B-00C04F79EFBC}") = "Sys-Sols Inventory", "Sys-Sols Inventory.csproj", "{10B8B523-254A-4199-B42D-68C0B62499FA}"
EndProject
Project("{FAE04EC0-301F-11D3-BF4B-00C04F79EFBC}") = "POSCONTROL", "POSCONTROL\POSCONTROL.csproj", "{EB1EA29A-B3D1-439C-B694-AFC321D3B631}"
EndProject
Project("{6141683F-8A12-4E36-9623-2EB02B2C2303}") = "Sysbizz v1.4", "..\Sysbizz v1.4\Sysbizz v1.4.isproj", "{5340DBA2-1318-4AFA-A2DC-DAC7CF4D26DB}"
	ProjectSection(ProjectDependencies) = postProject
		{10B8B523-254A-4199-B42D-68C0B62499FA} = {10B8B523-254A-4199-B42D-68C0B62499FA}
	EndProjectSection
EndProject
Project("{6141683F-8A12-4E36-9623-2EB02B2C2303}") = "Setup1", "..\Setup1\Setup1.isproj", "{0DBBF921-683B-48FB-A114-4100350E0C99}"
EndProject
Project("{54435603-DBB4-11D2-8724-00A0C9A8B90C}") = "Sysbizz v1.5", "..\Sysbizz v1.5\Sysbizz v1.5.vdproj", "{B304156A-A0B1-43DF-912D-E4EE21A1B593}"
EndProject
Global
	GlobalSection(SolutionConfigurationPlatforms) = preSolution
		CD_ROM|Any CPU = CD_ROM|Any CPU
		CD_ROM|Mixed Platforms = CD_ROM|Mixed Platforms
		CD_ROM|x86 = CD_ROM|x86
		Debug|Any CPU = Debug|Any CPU
		Debug|Mixed Platforms = Debug|Mixed Platforms
		Debug|x86 = Debug|x86
		DVD-5|Any CPU = DVD-5|Any CPU
		DVD-5|Mixed Platforms = DVD-5|Mixed Platforms
		DVD-5|x86 = DVD-5|x86
		Release|Any CPU = Release|Any CPU
		Release|Mixed Platforms = Release|Mixed Platforms
		Release|x86 = Release|x86
		SingleImage|Any CPU = SingleImage|Any CPU
		SingleImage|Mixed Platforms = SingleImage|Mixed Platforms
		SingleImage|x86 = SingleImage|x86
	EndGlobalSection
	GlobalSection(ProjectConfigurationPlatforms) = postSolution
		{10B8B523-254A-4199-B42D-68C0B62499FA}.CD_ROM|Any CPU.ActiveCfg = Release|Any CPU
		{10B8B523-254A-4199-B42D-68C0B62499FA}.CD_ROM|Any CPU.Build.0 = Release|Any CPU
		{10B8B523-254A-4199-B42D-68C0B62499FA}.CD_ROM|Mixed Platforms.ActiveCfg = Release|x86
		{10B8B523-254A-4199-B42D-68C0B62499FA}.CD_ROM|Mixed Platforms.Build.0 = Release|x86
		{10B8B523-254A-4199-B42D-68C0B62499FA}.CD_ROM|x86.ActiveCfg = Release|x86
		{10B8B523-254A-4199-B42D-68C0B62499FA}.CD_ROM|x86.Build.0 = Release|x86
		{10B8B523-254A-4199-B42D-68C0B62499FA}.Debug|Any CPU.ActiveCfg = Debug|Any CPU
		{10B8B523-254A-4199-B42D-68C0B62499FA}.Debug|Any CPU.Build.0 = Debug|Any CPU
		{10B8B523-254A-4199-B42D-68C0B62499FA}.Debug|Mixed Platforms.ActiveCfg = Debug|Any CPU
		{10B8B523-254A-4199-B42D-68C0B62499FA}.Debug|Mixed Platforms.Build.0 = Debug|Any CPU
		{10B8B523-254A-4199-B42D-68C0B62499FA}.Debug|x86.ActiveCfg = Debug|x86
		{10B8B523-254A-4199-B42D-68C0B62499FA}.Debug|x86.Build.0 = Debug|x86
		{10B8B523-254A-4199-B42D-68C0B62499FA}.DVD-5|Any CPU.ActiveCfg = Debug|Any CPU
		{10B8B523-254A-4199-B42D-68C0B62499FA}.DVD-5|Any CPU.Build.0 = Debug|Any CPU
		{10B8B523-254A-4199-B42D-68C0B62499FA}.DVD-5|Mixed Platforms.ActiveCfg = Debug|x86
		{10B8B523-254A-4199-B42D-68C0B62499FA}.DVD-5|Mixed Platforms.Build.0 = Debug|x86
		{10B8B523-254A-4199-B42D-68C0B62499FA}.DVD-5|x86.ActiveCfg = Debug|x86
		{10B8B523-254A-4199-B42D-68C0B62499FA}.DVD-5|x86.Build.0 = Debug|x86
		{10B8B523-254A-4199-B42D-68C0B62499FA}.Release|Any CPU.ActiveCfg = Release|Any CPU
		{10B8B523-254A-4199-B42D-68C0B62499FA}.Release|Any CPU.Build.0 = Release|Any CPU
		{10B8B523-254A-4199-B42D-68C0B62499FA}.Release|Mixed Platforms.ActiveCfg = Release|x86
		{10B8B523-254A-4199-B42D-68C0B62499FA}.Release|Mixed Platforms.Build.0 = Release|x86
		{10B8B523-254A-4199-B42D-68C0B62499FA}.Release|x86.ActiveCfg = Release|x86
		{10B8B523-254A-4199-B42D-68C0B62499FA}.Release|x86.Build.0 = Release|x86
		{10B8B523-254A-4199-B42D-68C0B62499FA}.SingleImage|Any CPU.ActiveCfg = Release|Any CPU
		{10B8B523-254A-4199-B42D-68C0B62499FA}.SingleImage|Any CPU.Build.0 = Release|Any CPU
		{10B8B523-254A-4199-B42D-68C0B62499FA}.SingleImage|Mixed Platforms.ActiveCfg = Release|x86
		{10B8B523-254A-4199-B42D-68C0B62499FA}.SingleImage|Mixed Platforms.Build.0 = Release|x86
		{10B8B523-254A-4199-B42D-68C0B62499FA}.SingleImage|x86.ActiveCfg = Release|x86
		{10B8B523-254A-4199-B42D-68C0B62499FA}.SingleImage|x86.Build.0 = Release|x86
		{EB1EA29A-B3D1-439C-B694-AFC321D3B631}.CD_ROM|Any CPU.ActiveCfg = Release|Any CPU
		{EB1EA29A-B3D1-439C-B694-AFC321D3B631}.CD_ROM|Any CPU.Build.0 = Release|Any CPU
		{EB1EA29A-B3D1-439C-B694-AFC321D3B631}.CD_ROM|Mixed Platforms.ActiveCfg = Release|x86
		{EB1EA29A-B3D1-439C-B694-AFC321D3B631}.CD_ROM|Mixed Platforms.Build.0 = Release|x86
		{EB1EA29A-B3D1-439C-B694-AFC321D3B631}.CD_ROM|x86.ActiveCfg = Release|x86
		{EB1EA29A-B3D1-439C-B694-AFC321D3B631}.CD_ROM|x86.Build.0 = Release|x86
		{EB1EA29A-B3D1-439C-B694-AFC321D3B631}.Debug|Any CPU.ActiveCfg = Debug|Any CPU
		{EB1EA29A-B3D1-439C-B694-AFC321D3B631}.Debug|Any CPU.Build.0 = Debug|Any CPU
		{EB1EA29A-B3D1-439C-B694-AFC321D3B631}.Debug|Any CPU.Deploy.0 = Debug|Any CPU
		{EB1EA29A-B3D1-439C-B694-AFC321D3B631}.Debug|Mixed Platforms.ActiveCfg = Debug|Any CPU
		{EB1EA29A-B3D1-439C-B694-AFC321D3B631}.Debug|Mixed Platforms.Build.0 = Debug|Any CPU
		{EB1EA29A-B3D1-439C-B694-AFC321D3B631}.Debug|x86.ActiveCfg = Debug|x86
		{EB1EA29A-B3D1-439C-B694-AFC321D3B631}.Debug|x86.Build.0 = Debug|x86
		{EB1EA29A-B3D1-439C-B694-AFC321D3B631}.DVD-5|Any CPU.ActiveCfg = Debug|Any CPU
		{EB1EA29A-B3D1-439C-B694-AFC321D3B631}.DVD-5|Any CPU.Build.0 = Debug|Any CPU
		{EB1EA29A-B3D1-439C-B694-AFC321D3B631}.DVD-5|Mixed Platforms.ActiveCfg = Debug|x86
		{EB1EA29A-B3D1-439C-B694-AFC321D3B631}.DVD-5|Mixed Platforms.Build.0 = Debug|x86
		{EB1EA29A-B3D1-439C-B694-AFC321D3B631}.DVD-5|x86.ActiveCfg = Debug|x86
		{EB1EA29A-B3D1-439C-B694-AFC321D3B631}.DVD-5|x86.Build.0 = Debug|x86
		{EB1EA29A-B3D1-439C-B694-AFC321D3B631}.Release|Any CPU.ActiveCfg = Release|Any CPU
		{EB1EA29A-B3D1-439C-B694-AFC321D3B631}.Release|Any CPU.Build.0 = Release|Any CPU
		{EB1EA29A-B3D1-439C-B694-AFC321D3B631}.Release|Mixed Platforms.ActiveCfg = Release|x86
		{EB1EA29A-B3D1-439C-B694-AFC321D3B631}.Release|Mixed Platforms.Build.0 = Release|x86
		{EB1EA29A-B3D1-439C-B694-AFC321D3B631}.Release|x86.ActiveCfg = Release|x86
		{EB1EA29A-B3D1-439C-B694-AFC321D3B631}.Release|x86.Build.0 = Release|x86
		{EB1EA29A-B3D1-439C-B694-AFC321D3B631}.SingleImage|Any CPU.ActiveCfg = Release|Any CPU
		{EB1EA29A-B3D1-439C-B694-AFC321D3B631}.SingleImage|Any CPU.Build.0 = Release|Any CPU
		{EB1EA29A-B3D1-439C-B694-AFC321D3B631}.SingleImage|Mixed Platforms.ActiveCfg = Release|x86
		{EB1EA29A-B3D1-439C-B694-AFC321D3B631}.SingleImage|Mixed Platforms.Build.0 = Release|x86
		{EB1EA29A-B3D1-439C-B694-AFC321D3B631}.SingleImage|x86.ActiveCfg = Release|x86
		{EB1EA29A-B3D1-439C-B694-AFC321D3B631}.SingleImage|x86.Build.0 = Release|x86
		{5340DBA2-1318-4AFA-A2DC-DAC7CF4D26DB}.CD_ROM|Any CPU.ActiveCfg = CD_ROM
		{5340DBA2-1318-4AFA-A2DC-DAC7CF4D26DB}.CD_ROM|Any CPU.Build.0 = CD_ROM
		{5340DBA2-1318-4AFA-A2DC-DAC7CF4D26DB}.CD_ROM|Mixed Platforms.ActiveCfg = CD_ROM
		{5340DBA2-1318-4AFA-A2DC-DAC7CF4D26DB}.CD_ROM|Mixed Platforms.Build.0 = CD_ROM
		{5340DBA2-1318-4AFA-A2DC-DAC7CF4D26DB}.CD_ROM|x86.ActiveCfg = CD_ROM
		{5340DBA2-1318-4AFA-A2DC-DAC7CF4D26DB}.CD_ROM|x86.Build.0 = CD_ROM
		{5340DBA2-1318-4AFA-A2DC-DAC7CF4D26DB}.Debug|Any CPU.ActiveCfg = DVD-5
		{5340DBA2-1318-4AFA-A2DC-DAC7CF4D26DB}.Debug|Any CPU.Build.0 = DVD-5
		{5340DBA2-1318-4AFA-A2DC-DAC7CF4D26DB}.Debug|Mixed Platforms.ActiveCfg = DVD-5
		{5340DBA2-1318-4AFA-A2DC-DAC7CF4D26DB}.Debug|Mixed Platforms.Build.0 = DVD-5
		{5340DBA2-1318-4AFA-A2DC-DAC7CF4D26DB}.Debug|x86.ActiveCfg = DVD-5
		{5340DBA2-1318-4AFA-A2DC-DAC7CF4D26DB}.Debug|x86.Build.0 = DVD-5
		{5340DBA2-1318-4AFA-A2DC-DAC7CF4D26DB}.DVD-5|Any CPU.ActiveCfg = DVD-5
		{5340DBA2-1318-4AFA-A2DC-DAC7CF4D26DB}.DVD-5|Any CPU.Build.0 = DVD-5
		{5340DBA2-1318-4AFA-A2DC-DAC7CF4D26DB}.DVD-5|Mixed Platforms.ActiveCfg = DVD-5
		{5340DBA2-1318-4AFA-A2DC-DAC7CF4D26DB}.DVD-5|Mixed Platforms.Build.0 = DVD-5
		{5340DBA2-1318-4AFA-A2DC-DAC7CF4D26DB}.DVD-5|x86.ActiveCfg = DVD-5
		{5340DBA2-1318-4AFA-A2DC-DAC7CF4D26DB}.DVD-5|x86.Build.0 = DVD-5
		{5340DBA2-1318-4AFA-A2DC-DAC7CF4D26DB}.Release|Any CPU.ActiveCfg = SingleImage
		{5340DBA2-1318-4AFA-A2DC-DAC7CF4D26DB}.Release|Any CPU.Build.0 = SingleImage
		{5340DBA2-1318-4AFA-A2DC-DAC7CF4D26DB}.Release|Mixed Platforms.ActiveCfg = SingleImage
		{5340DBA2-1318-4AFA-A2DC-DAC7CF4D26DB}.Release|Mixed Platforms.Build.0 = SingleImage
		{5340DBA2-1318-4AFA-A2DC-DAC7CF4D26DB}.Release|x86.ActiveCfg = SingleImage
		{5340DBA2-1318-4AFA-A2DC-DAC7CF4D26DB}.Release|x86.Build.0 = SingleImage
		{5340DBA2-1318-4AFA-A2DC-DAC7CF4D26DB}.SingleImage|Any CPU.ActiveCfg = SingleImage
		{5340DBA2-1318-4AFA-A2DC-DAC7CF4D26DB}.SingleImage|Any CPU.Build.0 = SingleImage
		{5340DBA2-1318-4AFA-A2DC-DAC7CF4D26DB}.SingleImage|Mixed Platforms.ActiveCfg = SingleImage
		{5340DBA2-1318-4AFA-A2DC-DAC7CF4D26DB}.SingleImage|Mixed Platforms.Build.0 = SingleImage
		{5340DBA2-1318-4AFA-A2DC-DAC7CF4D26DB}.SingleImage|x86.ActiveCfg = SingleImage
		{5340DBA2-1318-4AFA-A2DC-DAC7CF4D26DB}.SingleImage|x86.Build.0 = SingleImage
		{0DBBF921-683B-48FB-A114-4100350E0C99}.CD_ROM|Any CPU.ActiveCfg = CD_ROM
		{0DBBF921-683B-48FB-A114-4100350E0C99}.CD_ROM|Any CPU.Build.0 = CD_ROM
		{0DBBF921-683B-48FB-A114-4100350E0C99}.CD_ROM|Mixed Platforms.ActiveCfg = CD_ROM
		{0DBBF921-683B-48FB-A114-4100350E0C99}.CD_ROM|Mixed Platforms.Build.0 = CD_ROM
		{0DBBF921-683B-48FB-A114-4100350E0C99}.CD_ROM|x86.ActiveCfg = CD_ROM
		{0DBBF921-683B-48FB-A114-4100350E0C99}.CD_ROM|x86.Build.0 = CD_ROM
		{0DBBF921-683B-48FB-A114-4100350E0C99}.Debug|Any CPU.ActiveCfg = DVD-5
		{0DBBF921-683B-48FB-A114-4100350E0C99}.Debug|Any CPU.Build.0 = DVD-5
		{0DBBF921-683B-48FB-A114-4100350E0C99}.Debug|Mixed Platforms.ActiveCfg = DVD-5
		{0DBBF921-683B-48FB-A114-4100350E0C99}.Debug|Mixed Platforms.Build.0 = DVD-5
		{0DBBF921-683B-48FB-A114-4100350E0C99}.Debug|x86.ActiveCfg = DVD-5
		{0DBBF921-683B-48FB-A114-4100350E0C99}.Debug|x86.Build.0 = DVD-5
		{0DBBF921-683B-48FB-A114-4100350E0C99}.DVD-5|Any CPU.ActiveCfg = DVD-5
		{0DBBF921-683B-48FB-A114-4100350E0C99}.DVD-5|Any CPU.Build.0 = DVD-5
		{0DBBF921-683B-48FB-A114-4100350E0C99}.DVD-5|Mixed Platforms.ActiveCfg = DVD-5
		{0DBBF921-683B-48FB-A114-4100350E0C99}.DVD-5|Mixed Platforms.Build.0 = DVD-5
		{0DBBF921-683B-48FB-A114-4100350E0C99}.DVD-5|x86.ActiveCfg = DVD-5
		{0DBBF921-683B-48FB-A114-4100350E0C99}.DVD-5|x86.Build.0 = DVD-5
		{0DBBF921-683B-48FB-A114-4100350E0C99}.Release|Any CPU.ActiveCfg = SingleImage
		{0DBBF921-683B-48FB-A114-4100350E0C99}.Release|Any CPU.Build.0 = SingleImage
		{0DBBF921-683B-48FB-A114-4100350E0C99}.Release|Mixed Platforms.ActiveCfg = SingleImage
		{0DBBF921-683B-48FB-A114-4100350E0C99}.Release|Mixed Platforms.Build.0 = SingleImage
		{0DBBF921-683B-48FB-A114-4100350E0C99}.Release|x86.ActiveCfg = SingleImage
		{0DBBF921-683B-48FB-A114-4100350E0C99}.Release|x86.Build.0 = SingleImage
		{0DBBF921-683B-48FB-A114-4100350E0C99}.SingleImage|Any CPU.ActiveCfg = SingleImage
		{0DBBF921-683B-48FB-A114-4100350E0C99}.SingleImage|Any CPU.Build.0 = SingleImage
		{0DBBF921-683B-48FB-A114-4100350E0C99}.SingleImage|Mixed Platforms.ActiveCfg = SingleImage
		{0DBBF921-683B-48FB-A114-4100350E0C99}.SingleImage|Mixed Platforms.Build.0 = SingleImage
		{0DBBF921-683B-48FB-A114-4100350E0C99}.SingleImage|x86.ActiveCfg = SingleImage
		{0DBBF921-683B-48FB-A114-4100350E0C99}.SingleImage|x86.Build.0 = SingleImage
		{B304156A-A0B1-43DF-912D-E4EE21A1B593}.CD_ROM|Any CPU.ActiveCfg = Release
		{B304156A-A0B1-43DF-912D-E4EE21A1B593}.CD_ROM|Mixed Platforms.ActiveCfg = Release
		{B304156A-A0B1-43DF-912D-E4EE21A1B593}.CD_ROM|x86.ActiveCfg = Release
		{B304156A-A0B1-43DF-912D-E4EE21A1B593}.Debug|Any CPU.ActiveCfg = Debug
		{B304156A-A0B1-43DF-912D-E4EE21A1B593}.Debug|Mixed Platforms.ActiveCfg = Debug
		{B304156A-A0B1-43DF-912D-E4EE21A1B593}.Debug|x86.ActiveCfg = Debug
		{B304156A-A0B1-43DF-912D-E4EE21A1B593}.DVD-5|Any CPU.ActiveCfg = Debug
		{B304156A-A0B1-43DF-912D-E4EE21A1B593}.DVD-5|Mixed Platforms.ActiveCfg = Debug
		{B304156A-A0B1-43DF-912D-E4EE21A1B593}.DVD-5|x86.ActiveCfg = Debug
		{B304156A-A0B1-43DF-912D-E4EE21A1B593}.Release|Any CPU.ActiveCfg = Release
		{B304156A-A0B1-43DF-912D-E4EE21A1B593}.Release|Mixed Platforms.ActiveCfg = Release
		{B304156A-A0B1-43DF-912D-E4EE21A1B593}.Release|x86.ActiveCfg = Release
		{B304156A-A0B1-43DF-912D-E4EE21A1B593}.SingleImage|Any CPU.ActiveCfg = Release
		{B304156A-A0B1-43DF-912D-E4EE21A1B593}.SingleImage|Mixed Platforms.ActiveCfg = Release
		{B304156A-A0B1-43DF-912D-E4EE21A1B593}.SingleImage|x86.ActiveCfg = Release
	EndGlobalSection
	GlobalSection(SolutionProperties) = preSolution
		HideSolutionNode = FALSE
	EndGlobalSection
	GlobalSection(ExtensibilityGlobals) = postSolution
		VisualSVNWorkingCopyRoot = .
		SolutionGuid = {D6B45905-55ED-4CE3-BF33-0BBAC22FEA0B}
	EndGlobalSection
	GlobalSection(SubversionScc) = preSolution
		Svn-Managed = True
		Manager = AnkhSVN - Subversion Support for Visual Studio
	EndGlobalSection
EndGlobal
